
Microsoft Visual Studio Solution File, Format Version 12.00
# Visual Studio 15
VisualStudioVersion = 15.0.27701.1
MinimumVisualStudioVersion = 10.0.40219.1
Project("{9A19103F-16F7-4668-BE54-9A1E7A4F7556}") = "ProxyPool.WebAPI", "ProxyPool.WebAPI\ProxyPool.WebAPI.csproj", "{8D418374-E4AF-4285-8735-852627642873}"
EndProject
Project("{9A19103F-16F7-4668-BE54-9A1E7A4F7556}") = "ProxyPool.DAL", "ProxyPool.DAL\ProxyPool.DAL.csproj", "{35DDE0CB-AA1D-4696-B222-EC0EAB09EA09}"
EndProject
Project("{9A19103F-16F7-4668-BE54-9A1E7A4F7556}") = "ProxyPool.BLL", "ProxyPool.BLL\ProxyPool.BLL.csproj", "{2C3A6095-E874-437E-A547-590EC4F3CF2C}"
EndProject
Global
	GlobalSection(SolutionConfigurationPlatforms) = preSolution
		Debug|Any CPU = Debug|Any CPU
		Release|Any CPU = Release|Any CPU
	EndGlobalSection
	GlobalSection(ProjectConfigurationPlatforms) = postSolution
		{8D418374-E4AF-4285-8735-852627642873}.Debug|Any CPU.ActiveCfg = Debug|Any CPU
		{8D418374-E4AF-4285-8735-852627642873}.Debug|Any CPU.Build.0 = Debug|Any CPU
		{8D418374-E4AF-4285-8735-852627642873}.Release|Any CPU.ActiveCfg = Release|Any CPU
		{8D418374-E4AF-4285-8735-852627642873}.Release|Any CPU.Build.0 = Release|Any CPU
		{35DDE0CB-AA1D-4696-B222-EC0EAB09EA09}.Debug|Any CPU.ActiveCfg = Debug|Any CPU
		{35DDE0CB-AA1D-4696-B222-EC0EAB09EA09}.Debug|Any CPU.Build.0 = Debug|Any CPU
		{35DDE0CB-AA1D-4696-B222-EC0EAB09EA09}.Release|Any CPU.ActiveCfg = Release|Any CPU
		{35DDE0CB-AA1D-4696-B222-EC0EAB09EA09}.Release|Any CPU.Build.0 = Release|Any CPU
		{2C3A6095-E874-437E-A547-590EC4F3CF2C}.Debug|Any CPU.ActiveCfg = Debug|Any CPU
		{2C3A6095-E874-437E-A547-590EC4F3CF2C}.Debug|Any CPU.Build.0 = Debug|Any CPU
		{2C3A6095-E874-437E-A547-590EC4F3CF2C}.Release|Any CPU.ActiveCfg = Release|Any CPU
		{2C3A6095-E874-437E-A547-590EC4F3CF2C}.Release|Any CPU.Build.0 = Release|Any CPU
	EndGlobalSection
	GlobalSection(SolutionProperties) = preSolution
		HideSolutionNode = FALSE
	EndGlobalSection
	GlobalSection(ExtensibilityGlobals) = postSolution
		SolutionGuid = {C6F418C5-9170-4E76-88D7-DF44601C4248}
	EndGlobalSection
EndGlobal
